Microsoft Visual Studio Solution File, Format Version 12.00
# Visual Studio Version 17
VisualStudioVersion = 17.0.32014.148
MinimumVisualStudioVersion = 10.0.40219.1
Project("{2150E333-8FDC-42A3-9474-1A3956D46DE8}") = "src", "src", "{E4763672-43CB-444F-A615-DCC61E88BEB1}"
EndProject
Project("{FAE04EC0-301F-11D3-BF4B-00C04F79EFBC}") = "Larchik.API", "src\Larchik.API\Larchik.API.csproj", "{1E0A2278-C750-4E87-98ED-3A7996D8B34E}"
EndProject
Project("{FAE04EC0-301F-11D3-BF4B-00C04F79EFBC}") = "Larchik.Application", "src\Larchik.Application\Larchik.Application.csproj", "{8B2CBCB8-37E8-432B-AD59-BAF7BEB4EFF1}"
EndProject
Project("{FAE04EC0-301F-11D3-BF4B-00C04F79EFBC}") = "Larchik.Infrastructure", "src\Larchik.Infrastructure\Larchik.Infrastructure.csproj", "{146DF5DE-78B8-433A-B154-2E4881F1A904}"
EndProject
Project("{FAE04EC0-301F-11D3-BF4B-00C04F79EFBC}") = "Larchik.Persistence", "src\Larchik.Persistence\Larchik.Persistence.csproj", "{51247121-08AD-4365-AB36-9574AECD0F19}"
EndProject
Project("{FAE04EC0-301F-11D3-BF4B-00C04F79EFBC}") = "Larchik.Jobs", "src\Larchik.Jobs\Larchik.Jobs.csproj", "{9625A79A-E61A-4B5A-B4F5-D896F6711FA6}"
EndProject
Project("{2150E333-8FDC-42A3-9474-1A3956D46DE8}") = "tests", "tests", "{11E3EC14-5B95-4302-8739-5BDDF5009ABD}"
EndProject
Project("{2150E333-8FDC-42A3-9474-1A3956D46DE8}") = "broker_files", "broker_files", "{36D467BA-7D57-4FDE-B5D1-75B3469D1144}"
EndProject
Project("{2150E333-8FDC-42A3-9474-1A3956D46DE8}") = "tbank", "tbank", "{68A02F05-2351-4798-95EE-F5445720F5B9}"
EndProject
Project("{FAE04EC0-301F-11D3-BF4B-00C04F79EFBC}") = "Larchik.Application.Tests", "Tests\Larchik.Application.Tests\Larchik.Application.Tests.csproj", "{0BF6E5FE-08B6-4B00-BA52-F9C7C0ACFD1D}"
EndProject
Global
	GlobalSection(SolutionConfigurationPlatforms) = preSolution
		Debug|Any CPU = Debug|Any CPU
		Release|Any CPU = Release|Any CPU
	EndGlobalSection
	GlobalSection(ProjectConfigurationPlatforms) = postSolution
		{1E0A2278-C750-4E87-98ED-3A7996D8B34E}.Debug|Any CPU.ActiveCfg = Debug|Any CPU
		{1E0A2278-C750-4E87-98ED-3A7996D8B34E}.Debug|Any CPU.Build.0 = Debug|Any CPU
		{1E0A2278-C750-4E87-98ED-3A7996D8B34E}.Release|Any CPU.ActiveCfg = Release|Any CPU
		{1E0A2278-C750-4E87-98ED-3A7996D8B34E}.Release|Any CPU.Build.0 = Release|Any CPU
		{8B2CBCB8-37E8-432B-AD59-BAF7BEB4EFF1}.Debug|Any CPU.ActiveCfg = Debug|Any CPU
		{8B2CBCB8-37E8-432B-AD59-BAF7BEB4EFF1}.Debug|Any CPU.Build.0 = Debug|Any CPU
		{8B2CBCB8-37E8-432B-AD59-BAF7BEB4EFF1}.Release|Any CPU.ActiveCfg = Release|Any CPU
		{8B2CBCB8-37E8-432B-AD59-BAF7BEB4EFF1}.Release|Any CPU.Build.0 = Release|Any CPU
		{146DF5DE-78B8-433A-B154-2E4881F1A904}.Debug|Any CPU.ActiveCfg = Debug|Any CPU
		{146DF5DE-78B8-433A-B154-2E4881F1A904}.Debug|Any CPU.Build.0 = Debug|Any CPU
		{146DF5DE-78B8-433A-B154-2E4881F1A904}.Release|Any CPU.ActiveCfg = Release|Any CPU
		{146DF5DE-78B8-433A-B154-2E4881F1A904}.Release|Any CPU.Build.0 = Release|Any CPU
		{51247121-08AD-4365-AB36-9574AECD0F19}.Debug|Any CPU.ActiveCfg = Debug|Any CPU
		{51247121-08AD-4365-AB36-9574AECD0F19}.Debug|Any CPU.Build.0 = Debug|Any CPU
		{51247121-08AD-4365-AB36-9574AECD0F19}.Release|Any CPU.ActiveCfg = Release|Any CPU
		{51247121-08AD-4365-AB36-9574AECD0F19}.Release|Any CPU.Build.0 = Release|Any CPU
		{9625A79A-E61A-4B5A-B4F5-D896F6711FA6}.Debug|Any CPU.ActiveCfg = Debug|Any CPU
		{9625A79A-E61A-4B5A-B4F5-D896F6711FA6}.Debug|Any CPU.Build.0 = Debug|Any CPU
		{9625A79A-E61A-4B5A-B4F5-D896F6711FA6}.Release|Any CPU.ActiveCfg = Release|Any CPU
		{9625A79A-E61A-4B5A-B4F5-D896F6711FA6}.Release|Any CPU.Build.0 = Release|Any CPU
		{0BF6E5FE-08B6-4B00-BA52-F9C7C0ACFD1D}.Debug|Any CPU.ActiveCfg = Debug|Any CPU
		{0BF6E5FE-08B6-4B00-BA52-F9C7C0ACFD1D}.Debug|Any CPU.Build.0 = Debug|Any CPU
		{0BF6E5FE-08B6-4B00-BA52-F9C7C0ACFD1D}.Release|Any CPU.ActiveCfg = Release|Any CPU
		{0BF6E5FE-08B6-4B00-BA52-F9C7C0ACFD1D}.Release|Any CPU.Build.0 = Release|Any CPU
	EndGlobalSection
	GlobalSection(SolutionProperties) = preSolution
		HideSolutionNode = FALSE
	EndGlobalSection
	GlobalSection(ExtensibilityGlobals) = postSolution
		SolutionGuid = {4DF5D5BE-8FEE-49E5-BF67-BBDBF512E412}
	EndGlobalSection
	GlobalSection(NestedProjects) = preSolution
		{1E0A2278-C750-4E87-98ED-3A7996D8B34E} = {E4763672-43CB-444F-A615-DCC61E88BEB1}
		{8B2CBCB8-37E8-432B-AD59-BAF7BEB4EFF1} = {E4763672-43CB-444F-A615-DCC61E88BEB1}
		{146DF5DE-78B8-433A-B154-2E4881F1A904} = {E4763672-43CB-444F-A615-DCC61E88BEB1}
		{51247121-08AD-4365-AB36-9574AECD0F19} = {E4763672-43CB-444F-A615-DCC61E88BEB1}
		{9625A79A-E61A-4B5A-B4F5-D896F6711FA6} = {E4763672-43CB-444F-A615-DCC61E88BEB1}
		{0BF6E5FE-08B6-4B00-BA52-F9C7C0ACFD1D} = {11E3EC14-5B95-4302-8739-5BDDF5009ABD}
		{36D467BA-7D57-4FDE-B5D1-75B3469D1144} = {11E3EC14-5B95-4302-8739-5BDDF5009ABD}
		{68A02F05-2351-4798-95EE-F5445720F5B9} = {36D467BA-7D57-4FDE-B5D1-75B3469D1144}
	EndGlobalSection
EndGlobal
